// !$*UTF8*$!
{
	archiveVersion = 1;
	classes = {
	};
	objectVersion = 77;
	objects = {

/* Begin PBXBuildFile section */
		C161FE4A2C9A74460020469D /* FirebaseAnalytics in Frameworks */ = {isa = PBXBuildFile; productRef = C161FE492C9A74460020469D /* FirebaseAnalytics */; };
		C161FE4C2C9A74460020469D /* FirebaseAuth in Frameworks */ = {isa = PBXBuildFile; productRef = C161FE4B2C9A74460020469D /* FirebaseAuth */; };
		C161FE4E2C9A74460020469D /* FirebaseFirestore in Frameworks */ = {isa = PBXBuildFile; productRef = C161FE4D2C9A74460020469D /* FirebaseFirestore */; };
/* End PBXBuildFile section */

/* Begin PBXContainerItemProxy section */
		C161FE2A2C9A64D50020469D /* PBXContainerItemProxy */ = {
			isa = PBXContainerItemProxy;
			containerPortal = C161FE112C9A64D20020469D /* Project object */;
			proxyType = 1;
			remoteGlobalIDString = C161FE182C9A64D20020469D;
			remoteInfo = "Advanced-iOS-AT3";
		};
		C161FE342C9A64D50020469D /* PBXContainerItemProxy */ = {
			isa = PBXContainerItemProxy;
			containerPortal = C161FE112C9A64D20020469D /* Project object */;
			proxyType = 1;
			remoteGlobalIDString = C161FE182C9A64D20020469D;
			remoteInfo = "Advanced-iOS-AT3";
		};
/* End PBXContainerItemProxy section */

/* Begin PBXFileReference section */
		C161FE192C9A64D20020469D /* Advanced-iOS-AT3.app */ = {isa = PBXFileReference; explicitFileType = wrapper.application; includeInIndex = 0; path = "Advanced-iOS-AT3.app"; sourceTree = BUILT_PRODUCTS_DIR; };
		C161FE292C9A64D50020469D /* Advanced-iOS-AT3Tests.xctest */ = {isa = PBXFileReference; explicitFileType = wrapper.cfbundle; includeInIndex = 0; path = "Advanced-iOS-AT3Tests.xctest"; sourceTree = BUILT_PRODUCTS_DIR; };
		C161FE332C9A64D50020469D /* Advanced-iOS-AT3UITests.xctest */ = {isa = PBXFileReference; explicitFileType = wrapper.cfbundle; includeInIndex = 0; path = "Advanced-iOS-AT3UITests.xctest"; sourceTree = BUILT_PRODUCTS_DIR; };
/* End PBXFileReference section */

/* Begin PBXFileSystemSynchronizedRootGroup section */
		C161FE1B2C9A64D20020469D /* Advanced-iOS-AT3 */ = {
			isa = PBXFileSystemSynchronizedRootGroup;
			path = "Advanced-iOS-AT3";
			sourceTree = "<group>";
		};
		C161FE2C2C9A64D50020469D /* Advanced-iOS-AT3Tests */ = {
			isa = PBXFileSystemSynchronizedRootGroup;
			path = "Advanced-iOS-AT3Tests";
			sourceTree = "<group>";
		};
		C161FE362C9A64D50020469D /* Advanced-iOS-AT3UITests */ = {
			isa = PBXFileSystemSynchronizedRootGroup;
			path = "Advanced-iOS-AT3UITests";
			sourceTree = "<group>";
		};
/* End PBXFileSystemSynchronizedRootGroup section */

/* Begin PBXFrameworksBuildPhase section */
		C161FE162C9A64D20020469D /* Frameworks */ = {
			isa = PBXFrameworksBuildPhase;
			buildActionMask = 2147483647;
			files = (
				C161FE4A2C9A74460020469D /* FirebaseAnalytics in Frameworks */,
				C161FE4C2C9A74460020469D /* FirebaseAuth in Frameworks */,
				C161FE4E2C9A74460020469D /* FirebaseFirestore in Frameworks */,
			);
			runOnlyForDeploymentPostprocessing = 0;
		};
		C161FE262C9A64D50020469D /* Frameworks */ = {
			isa = PBXFrameworksBuildPhase;
			buildActionMask = 2147483647;
			files = (
			);
			runOnlyForDeploymentPostprocessing = 0;
		};
		C161FE302C9A64D50020469D /* Frameworks */ = {
			isa = PBXFrameworksBuildPhase;
			buildActionMask = 2147483647;
			files = (
			);
			runOnlyForDeploymentPostprocessing = 0;
		};
/* End PBXFrameworksBuildPhase section */

/* Begin PBXGroup section */
		C161FE102C9A64D20020469D = {
			isa = PBXGroup;
			children = (
				C161FE1B2C9A64D20020469D /* Advanced-iOS-AT3 */,
				C161FE2C2C9A64D50020469D /* Advanced-iOS-AT3Tests */,
				C161FE362C9A64D50020469D /* Advanced-iOS-AT3UITests */,
				C161FE1A2C9A64D20020469D /* Products */,
			);
			sourceTree = "<group>";
		};
		C161FE1A2C9A64D20020469D /* Products */ = {
			isa = PBXGroup;
			children = (
				C161FE192C9A64D20020469D /* Advanced-iOS-AT3.app */,
				C161FE292C9A64D50020469D /* Advanced-iOS-AT3Tests.xctest */,
				C161FE332C9A64D50020469D /* Advanced-iOS-AT3UITests.xctest */,
			);
			name = Products;
			sourceTree = "<group>";
		};
/* End PBXGroup section */

/* Begin PBXNativeTarget section */
		C161FE182C9A64D20020469D /* Advanced-iOS-AT3 */ = {
			isa = PBXNativeTarget;
			buildConfigurationList = C161FE3D2C9A64D50020469D /* Build configuration list for PBXNativeTarget "Advanced-iOS-AT3" */;
			buildPhases = (
				C161FE152C9A64D20020469D /* Sources */,
				C161FE162C9A64D20020469D /* Frameworks */,
				C161FE172C9A64D20020469D /* Resources */,
			);
			buildRules = (
			);
			dependencies = (
			);
			fileSystemSynchronizedGroups = (
				C161FE1B2C9A64D20020469D /* Advanced-iOS-AT3 */,
			);
			name = "Advanced-iOS-AT3";
			packageProductDependencies = (
				C161FE492C9A74460020469D /* FirebaseAnalytics */,
				C161FE4B2C9A74460020469D /* FirebaseAuth */,
				C161FE4D2C9A74460020469D /* FirebaseFirestore */,
			);
			productName = "Advanced-iOS-AT3";
			productReference = C161FE192C9A64D20020469D /* Advanced-iOS-AT3.app */;
			productType = "com.apple.product-type.application";
		};
		C161FE282C9A64D50020469D /* Advanced-iOS-AT3Tests */ = {
			isa = PBXNativeTarget;
			buildConfigurationList = C161FE402C9A64D50020469D /* Build configuration list for PBXNativeTarget "Advanced-iOS-AT3Tests" */;
			buildPhases = (
				C161FE252C9A64D50020469D /* Sources */,
				C161FE262C9A64D50020469D /* Frameworks */,
				C161FE272C9A64D50020469D /* Resources */,
			);
			buildRules = (
			);
			dependencies = (
				C161FE2B2C9A64D50020469D /* PBXTargetDependency */,
			);
			fileSystemSynchronizedGroups = (
				C161FE2C2C9A64D50020469D /* Advanced-iOS-AT3Tests */,
			);
			name = "Advanced-iOS-AT3Tests";
			packageProductDependencies = (
			);
			productName = "Advanced-iOS-AT3Tests";
			productReference = C161FE292C9A64D50020469D /* Advanced-iOS-AT3Tests.xctest */;
			productType = "com.apple.product-type.bundle.unit-test";
		};
		C161FE322C9A64D50020469D /* Advanced-iOS-AT3UITests */ = {
			isa = PBXNativeTarget;
			buildConfigurationList = C161FE432C9A64D50020469D /* Build configuration list for PBXNativeTarget "Advanced-iOS-AT3UITests" */;
			buildPhases = (
				C161FE2F2C9A64D50020469D /* Sources */,
				C161FE302C9A64D50020469D /* Frameworks */,
				C161FE312C9A64D50020469D /* Resources */,
			);
			buildRules = (
			);
			dependencies = (
				C161FE352C9A64D50020469D /* PBXTargetDependency */,
			);
			fileSystemSynchronizedGroups = (
				C161FE362C9A64D50020469D /* Advanced-iOS-AT3UITests */,
			);
			name = "Advanced-iOS-AT3UITests";
			packageProductDependencies = (
			);
			productName = "Advanced-iOS-AT3UITests";
			productReference = C161FE332C9A64D50020469D /* Advanced-iOS-AT3UITests.xctest */;
			productType = "com.apple.product-type.bundle.ui-testing";
		};
/* End PBXNativeTarget section */

/* Begin PBXProject section */
		C161FE112C9A64D20020469D /* Project object */ = {
			isa = PBXProject;
			attributes = {
				BuildIndependentTargetsInParallel = 1;
				LastSwiftUpdateCheck = 1600;
				LastUpgradeCheck = 1600;
				TargetAttributes = {
					C161FE182C9A64D20020469D = {
						CreatedOnToolsVersion = 16.0;
					};
					C161FE282C9A64D50020469D = {
						CreatedOnToolsVersion = 16.0;
						TestTargetID = C161FE182C9A64D20020469D;
					};
					C161FE322C9A64D50020469D = {
						CreatedOnToolsVersion = 16.0;
						TestTargetID = C161FE182C9A64D20020469D;
					};
				};
			};
			buildConfigurationList = C161FE142C9A64D20020469D /* Build configuration list for PBXProject "Advanced-iOS-AT3" */;
			developmentRegion = en;
			hasScannedForEncodings = 0;
			knownRegions = (
				en,
				Base,
			);
			mainGroup = C161FE102C9A64D20020469D;
			minimizedProjectReferenceProxies = 1;
			packageReferences = (
				C161FE482C9A74460020469D /* XCRemoteSwiftPackageReference "firebase-ios-sdk" */,
			);
			preferredProjectObjectVersion = 77;
			productRefGroup = C161FE1A2C9A64D20020469D /* Products */;
			projectDirPath = "";
			projectRoot = "";
			targets = (
				C161FE182C9A64D20020469D /* Advanced-iOS-AT3 */,
				C161FE282C9A64D50020469D /* Advanced-iOS-AT3Tests */,
				C161FE322C9A64D50020469D /* Advanced-iOS-AT3UITests */,
			);
		};
/* End PBXProject section */

/* Begin PBXResourcesBuildPhase section */
		C161FE172C9A64D20020469D /* Resources */ = {
			isa = PBXResourcesBuildPhase;
			buildActionMask = 2147483647;
			files = (
			);
			runOnlyForDeploymentPostprocessing = 0;
		};
		C161FE272C9A64D50020469D /* Resources */ = {
			isa = PBXResourcesBuildPhase;
			buildActionMask = 2147483647;
			files = (
			);
			runOnlyForDeploymentPostprocessing = 0;
		};
		C161FE312C9A64D50020469D /* Resources */ = {
			isa = PBXResourcesBuildPhase;
			buildActionMask = 2147483647;
			files = (
			);
			runOnlyForDeploymentPostprocessing = 0;
		};
/* End PBXResourcesBuildPhase section */

/* Begin PBXSourcesBuildPhase section */
		C161FE152C9A64D20020469D /* Sources */ = {
			isa = PBXSourcesBuildPhase;
			buildActionMask = 2147483647;
			files = (
			);
			runOnlyForDeploymentPostprocessing = 0;
		};
		C161FE252C9A64D50020469D /* Sources */ = {
			isa = PBXSourcesBuildPhase;
			buildActionMask = 2147483647;
			files = (
			);
			runOnlyForDeploymentPostprocessing = 0;
		};
		C161FE2F2C9A64D50020469D /* Sources */ = {
			isa = PBXSourcesBuildPhase;
			buildActionMask = 2147483647;
			files = (
			);
			runOnlyForDeploymentPostprocessing = 0;
		};
/* End PBXSourcesBuildPhase section */

/* Begin PBXTargetDependency section */
		C161FE2B2C9A64D50020469D /* PBXTargetDependency */ = {
			isa = PBXTargetDependency;
			target = C161FE182C9A64D20020469D /* Advanced-iOS-AT3 */;
			targetProxy = C161FE2A2C9A64D50020469D /* PBXContainerItemProxy */;
		};
		C161FE352C9A64D50020469D /* PBXTargetDependency */ = {
			isa = PBXTargetDependency;
			target = C161FE182C9A64D20020469D /* Advanced-iOS-AT3 */;
			targetProxy = C161FE342C9A64D50020469D /* PBXContainerItemProxy */;
		};
/* End PBXTargetDependency section */

/* Begin XCBuildConfiguration section */
		C161FE3B2C9A64D50020469D /* Debug */ = {
			isa = XCBuildConfiguration;
			buildSettings = {
				ALWAYS_SEARCH_USER_PATHS = NO;
				ASSETCATALOG_COMPILER_GENERATE_SWIFT_ASSET_SYMBOL_EXTENSIONS = YES;
				CLANG_ANALYZER_NONNULL = YES;
				CLANG_ANALYZER_NUMBER_OBJECT_CONVERSION = YES_AGGRESSIVE;
				CLANG_CXX_LANGUAGE_STANDARD = "gnu++20";
				CLANG_ENABLE_MODULES = YES;
				CLANG_ENABLE_OBJC_ARC = YES;
				CLANG_ENABLE_OBJC_WEAK = YES;
				CLANG_WARN_BLOCK_CAPTURE_AUTORELEASING = YES;
				CLANG_WARN_BOOL_CONVERSION = YES;
				CLANG_WARN_COMMA = YES;
				CLANG_WARN_CONSTANT_CONVERSION = YES;
				CLANG_WARN_DEPRECATED_OBJC_IMPLEMENTATIONS = YES;
				CLANG_WARN_DIRECT_OBJC_ISA_USAGE = YES_ERROR;
				CLANG_WARN_DOCUMENTATION_COMMENTS = YES;
				CLANG_WARN_EMPTY_BODY = YES;
				CLANG_WARN_ENUM_CONVERSION = YES;
				CLANG_WARN_INFINITE_RECURSION = YES;
				CLANG_WARN_INT_CONVERSION = YES;
				CLANG_WARN_NON_LITERAL_NULL_CONVERSION = YES;
				CLANG_WARN_OBJC_IMPLICIT_RETAIN_SELF = YES;
				CLANG_WARN_OBJC_LITERAL_CONVERSION = YES;
				CLANG_WARN_OBJC_ROOT_CLASS = YES_ERROR;
				CLANG_WARN_QUOTED_INCLUDE_IN_FRAMEWORK_HEADER = YES;
				CLANG_WARN_RANGE_LOOP_ANALYSIS = YES;
				CLANG_WARN_STRICT_PROTOTYPES = YES;
				CLANG_WARN_SUSPICIOUS_MOVE = YES;
				CLANG_WARN_UNGUARDED_AVAILABILITY = YES_AGGRESSIVE;
				CLANG_WARN_UNREACHABLE_CODE = YES;
				CLANG_WARN__DUPLICATE_METHOD_MATCH = YES;
				COPY_PHASE_STRIP = NO;
				DEBUG_INFORMATION_FORMAT = dwarf;
				ENABLE_STRICT_OBJC_MSGSEND = YES;
				ENABLE_TESTABILITY = YES;
				ENABLE_USER_SCRIPT_SANDBOXING = YES;
				GCC_C_LANGUAGE_STANDARD = gnu17;
				GCC_DYNAMIC_NO_PIC = NO;
				GCC_NO_COMMON_BLOCKS = YES;
				GCC_OPTIMIZATION_LEVEL = 0;
				GCC_PREPROCESSOR_DEFINITIONS = (
					"DEBUG=1",
					"$(inherited)",
				);
				GCC_WARN_64_TO_32_BIT_CONVERSION = YES;
				GCC_WARN_ABOUT_RETURN_TYPE = YES_ERROR;
				GCC_WARN_UNDECLARED_SELECTOR = YES;
				GCC_WARN_UNINITIALIZED_AUTOS = YES_AGGRESSIVE;
				GCC_WARN_UNUSED_FUNCTION = YES;
				GCC_WARN_UNUSED_VARIABLE = YES;
				IPHONEOS_DEPLOYMENT_TARGET = 18.0;
				LOCALIZATION_PREFERS_STRING_CATALOGS = YES;
				MTL_ENABLE_DEBUG_INFO = INCLUDE_SOURCE;
				MTL_FAST_MATH = YES;
				ONLY_ACTIVE_ARCH = YES;
				SDKROOT = iphoneos;
				SWIFT_ACTIVE_COMPILATION_CONDITIONS = "DEBUG $(inherited)";
				SWIFT_OPTIMIZATION_LEVEL = "-Onone";
			};
			name = Debug;
		};
		C161FE3C2C9A64D50020469D /* Release */ = {
			isa = XCBuildConfiguration;
			buildSettings = {
				ALWAYS_SEARCH_USER_PATHS = NO;
				ASSETCATALOG_COMPILER_GENERATE_SWIFT_ASSET_SYMBOL_EXTENSIONS = YES;
				CLANG_ANALYZER_NONNULL = YES;
				CLANG_ANALYZER_NUMBER_OBJECT_CONVERSION = YES_AGGRESSIVE;
				CLANG_CXX_LANGUAGE_STANDARD = "gnu++20";
				CLANG_ENABLE_MODULES = YES;
				CLANG_ENABLE_OBJC_ARC = YES;
				CLANG_ENABLE_OBJC_WEAK = YES;
				CLANG_WARN_BLOCK_CAPTURE_AUTORELEASING = YES;
				CLANG_WARN_BOOL_CONVERSION = YES;
				CLANG_WARN_COMMA = YES;
				CLANG_WARN_CONSTANT_CONVERSION = YES;
				CLANG_WARN_DEPRECATED_OBJC_IMPLEMENTATIONS = YES;
				CLANG_WARN_DIRECT_OBJC_ISA_USAGE = YES_ERROR;
				CLANG_WARN_DOCUMENTATION_COMMENTS = YES;
				CLANG_WARN_EMPTY_BODY = YES;
				CLANG_WARN_ENUM_CONVERSION = YES;
				CLANG_WARN_INFINITE_RECURSION = YES;
				CLANG_WARN_INT_CONVERSION = YES;
				CLANG_WARN_NON_LITERAL_NULL_CONVERSION = YES;
				CLANG_WARN_OBJC_IMPLICIT_RETAIN_SELF = YES;
				CLANG_WARN_OBJC_LITERAL_CONVERSION = YES;
				CLANG_WARN_OBJC_ROOT_CLASS = YES_ERROR;
				CLANG_WARN_QUOTED_INCLUDE_IN_FRAMEWORK_HEADER = YES;
				CLANG_WARN_RANGE_LOOP_ANALYSIS = YES;
				CLANG_WARN_STRICT_PROTOTYPES = YES;
				CLANG_WARN_SUSPICIOUS_MOVE = YES;
				CLANG_WARN_UNGUARDED_AVAILABILITY = YES_AGGRESSIVE;
				CLANG_WARN_UNREACHABLE_CODE = YES;
				CLANG_WARN__DUPLICATE_METHOD_MATCH = YES;
				COPY_PHASE_STRIP = NO;
				DEBUG_INFORMATION_FORMAT = "dwarf-with-dsym";
				ENABLE_NS_ASSERTIONS = NO;
				ENABLE_STRICT_OBJC_MSGSEND = YES;
				ENABLE_USER_SCRIPT_SANDBOXING = YES;
				GCC_C_LANGUAGE_STANDARD = gnu17;
				GCC_NO_COMMON_BLOCKS = YES;
				GCC_WARN_64_TO_32_BIT_CONVERSION = YES;
				GCC_WARN_ABOUT_RETURN_TYPE = YES_ERROR;
				GCC_WARN_UNDECLARED_SELECTOR = YES;
				GCC_WARN_UNINITIALIZED_AUTOS = YES_AGGRESSIVE;
				GCC_WARN_UNUSED_FUNCTION = YES;
				GCC_WARN_UNUSED_VARIABLE = YES;
				IPHONEOS_DEPLOYMENT_TARGET = 18.0;
				LOCALIZATION_PREFERS_STRING_CATALOGS = YES;
				MTL_ENABLE_DEBUG_INFO = NO;
				MTL_FAST_MATH = YES;
				SDKROOT = iphoneos;
				SWIFT_COMPILATION_MODE = wholemodule;
				VALIDATE_PRODUCT = YES;
			};
			name = Release;
		};
		C161FE3E2C9A64D50020469D /* Debug */ = {
			isa = XCBuildConfiguration;
			buildSettings = {
				ASSETCATALOG_COMPILER_APPICON_NAME = AppIcon;
				ASSETCATALOG_COMPILER_GLOBAL_ACCENT_COLOR_NAME = AccentColor;
				CODE_SIGN_STYLE = Automatic;
				CURRENT_PROJECT_VERSION = 1;
				DEVELOPMENT_ASSET_PATHS = "\"Advanced-iOS-AT3/Preview Content\"";
				ENABLE_PREVIEWS = YES;
				GENERATE_INFOPLIST_FILE = YES;
				INFOPLIST_KEY_UIApplicationSceneManifest_Generation = YES;
				INFOPLIST_KEY_UIApplicationSupportsIndirectInputEvents = YES;
				INFOPLIST_KEY_UILaunchScreen_Generation = YES;
				INFOPLIST_KEY_UISupportedInterfaceOrientations_iPad = "UIInterfaceOrientationPortrait UIInterfaceOrientationPortraitUpsideDown UIInterfaceOrientationLandscapeLeft UIInterfaceOrientationLandscapeRight";
				INFOPLIST_KEY_UISupportedInterfaceOrientations_iPhone = "UIInterfaceOrientationPortrait UIInterfaceOrientationLandscapeLeft UIInterfaceOrientationLandscapeRight";
				LD_RUNPATH_SEARCH_PATHS = (
					"$(inherited)",
					"@executable_path/Frameworks",
				);
				MARKETING_VERSION = 1.0;
				PRODUCT_BUNDLE_IDENTIFIER = "UTS.Advanced-iOS-AT3";
				PRODUCT_NAME = "$(TARGET_NAME)";
				SWIFT_EMIT_LOC_STRINGS = YES;
				SWIFT_VERSION = 5.0;
				TARGETED_DEVICE_FAMILY = "1,2";
			};
			name = Debug;
		};
		C161FE3F2C9A64D50020469D /* Release */ = {
			isa = XCBuildConfiguration;
			buildSettings = {
				ASSETCATALOG_COMPILER_APPICON_NAME = AppIcon;
				ASSETCATALOG_COMPILER_GLOBAL_ACCENT_COLOR_NAME = AccentColor;
				CODE_SIGN_STYLE = Automatic;
				CURRENT_PROJECT_VERSION = 1;
				DEVELOPMENT_ASSET_PATHS = "\"Advanced-iOS-AT3/Preview Content\"";
				ENABLE_PREVIEWS = YES;
				GENERATE_INFOPLIST_FILE = YES;
				INFOPLIST_KEY_UIApplicationSceneManifest_Generation = YES;
				INFOPLIST_KEY_UIApplicationSupportsIndirectInputEvents = YES;
				INFOPLIST_KEY_UILaunchScreen_Generation = YES;
				INFOPLIST_KEY_UISupportedInterfaceOrientations_iPad = "UIInterfaceOrientationPortrait UIInterfaceOrientationPortraitUpsideDown UIInterfaceOrientationLandscapeLeft UIInterfaceOrientationLandscapeRight";
				INFOPLIST_KEY_UISupportedInterfaceOrientations_iPhone = "UIInterfaceOrientationPortrait UIInterfaceOrientationLandscapeLeft UIInterfaceOrientationLandscapeRight";
				LD_RUNPATH_SEARCH_PATHS = (
					"$(inherited)",
					"@executable_path/Frameworks",
				);
				MARKETING_VERSION = 1.0;
				PRODUCT_BUNDLE_IDENTIFIER = "UTS.Advanced-iOS-AT3";
				PRODUCT_NAME = "$(TARGET_NAME)";
				SWIFT_EMIT_LOC_STRINGS = YES;
				SWIFT_VERSION = 5.0;
				TARGETED_DEVICE_FAMILY = "1,2";
			};
			name = Release;
		};
		C161FE412C9A64D50020469D /* Debug */ = {
			isa = XCBuildConfiguration;
			buildSettings = {
				BUNDLE_LOADER = "$(TEST_HOST)";
				CODE_SIGN_STYLE = Automatic;
				CURRENT_PROJECT_VERSION = 1;
				GENERATE_INFOPLIST_FILE = YES;
				IPHONEOS_DEPLOYMENT_TARGET = 18.0;
				MARKETING_VERSION = 1.0;
				PRODUCT_BUNDLE_IDENTIFIER = "UTS.Advanced-iOS-AT3Tests";
				PRODUCT_NAME = "$(TARGET_NAME)";
				SWIFT_EMIT_LOC_STRINGS = NO;
				SWIFT_VERSION = 5.0;
				TARGETED_DEVICE_FAMILY = "1,2";
				TEST_HOST = "$(BUILT_PRODUCTS_DIR)/Advanced-iOS-AT3.app/$(BUNDLE_EXECUTABLE_FOLDER_PATH)/Advanced-iOS-AT3";
			};
			name = Debug;
		};
		C161FE422C9A64D50020469D /* Release */ = {
			isa = XCBuildConfiguration;
			buildSettings = {
				BUNDLE_LOADER = "$(TEST_HOST)";
				CODE_SIGN_STYLE = Automatic;
				CURRENT_PROJECT_VERSION = 1;
				GENERATE_INFOPLIST_FILE = YES;
				IPHONEOS_DEPLOYMENT_TARGET = 18.0;
				MARKETING_VERSION = 1.0;
				PRODUCT_BUNDLE_IDENTIFIER = "UTS.Advanced-iOS-AT3Tests";
				PRODUCT_NAME = "$(TARGET_NAME)";
				SWIFT_EMIT_LOC_STRINGS = NO;
				SWIFT_VERSION = 5.0;
				TARGETED_DEVICE_FAMILY = "1,2";
				TEST_HOST = "$(BUILT_PRODUCTS_DIR)/Advanced-iOS-AT3.app/$(BUNDLE_EXECUTABLE_FOLDER_PATH)/Advanced-iOS-AT3";
			};
			name = Release;
		};
		C161FE442C9A64D50020469D /* Debug */ = {
			isa = XCBuildConfiguration;
			buildSettings = {
				CODE_SIGN_STYLE = Automatic;
				CURRENT_PROJECT_VERSION = 1;
				GENERATE_INFOPLIST_FILE = YES;
				MARKETING_VERSION = 1.0;
				PRODUCT_BUNDLE_IDENTIFIER = "UTS.Advanced-iOS-AT3UITests";
				PRODUCT_NAME = "$(TARGET_NAME)";
				SWIFT_EMIT_LOC_STRINGS = NO;
				SWIFT_VERSION = 5.0;
				TARGETED_DEVICE_FAMILY = "1,2";
				TEST_TARGET_NAME = "Advanced-iOS-AT3";
			};
			name = Debug;
		};
		C161FE452C9A64D50020469D /* Release */ = {
			isa = XCBuildConfiguration;
			buildSettings = {
				CODE_SIGN_STYLE = Automatic;
				CURRENT_PROJECT_VERSION = 1;
				GENERATE_INFOPLIST_FILE = YES;
				MARKETING_VERSION = 1.0;
				PRODUCT_BUNDLE_IDENTIFIER = "UTS.Advanced-iOS-AT3UITests";
				PRODUCT_NAME = "$(TARGET_NAME)";
				SWIFT_EMIT_LOC_STRINGS = NO;
				SWIFT_VERSION = 5.0;
				TARGETED_DEVICE_FAMILY = "1,2";
				TEST_TARGET_NAME = "Advanced-iOS-AT3";
			};
			name = Release;
		};
/* End XCBuildConfiguration section */

/* Begin XCConfigurationList section */
		C161FE142C9A64D20020469D /* Build configuration list for PBXProject "Advanced-iOS-AT3" */ = {
			isa = XCConfigurationList;
			buildConfigurations = (
				C161FE3B2C9A64D50020469D /* Debug */,
				C161FE3C2C9A64D50020469D /* Release */,
			);
			defaultConfigurationIsVisible = 0;
			defaultConfigurationName = Release;
		};
		C161FE3D2C9A64D50020469D /* Build configuration list for PBXNativeTarget "Advanced-iOS-AT3" */ = {
			isa = XCConfigurationList;
			buildConfigurations = (
				C161FE3E2C9A64D50020469D /* Debug */,
				C161FE3F2C9A64D50020469D /* Release */,
			);
			defaultConfigurationIsVisible = 0;
			defaultConfigurationName = Release;
		};
		C161FE402C9A64D50020469D /* Build configuration list for PBXNativeTarget "Advanced-iOS-AT3Tests" */ = {
			isa = XCConfigurationList;
			buildConfigurations = (
				C161FE412C9A64D50020469D /* Debug */,
				C161FE422C9A64D50020469D /* Release */,
			);
			defaultConfigurationIsVisible = 0;
			defaultConfigurationName = Release;
		};
		C161FE432C9A64D50020469D /* Build configuration list for PBXNativeTarget "Advanced-iOS-AT3UITests" */ = {
			isa = XCConfigurationList;
			buildConfigurations = (
				C161FE442C9A64D50020469D /* Debug */,
				C161FE452C9A64D50020469D /* Release */,
			);
			defaultConfigurationIsVisible = 0;
			defaultConfigurationName = Release;
		};
/* End XCConfigurationList section */

/* Begin XCRemoteSwiftPackageReference section */
		C161FE482C9A74460020469D /* XCRemoteSwiftPackageReference "firebase-ios-sdk" */ = {
			isa = XCRemoteSwiftPackageReference;
			repositoryURL = "https://github.com/firebase/firebase-ios-sdk.git";
			requirement = {
				kind = upToNextMajorVersion;
				minimumVersion = 11.2.0;
			};
		};
/* End XCRemoteSwiftPackageReference section */

/* Begin XCSwiftPackageProductDependency section */
		C161FE492C9A74460020469D /* FirebaseAnalytics */ = {
			isa = XCSwiftPackageProductDependency;
			package = C161FE482C9A74460020469D /* XCRemoteSwiftPackageReference "firebase-ios-sdk" */;
			productName = FirebaseAnalytics;
		};
		C161FE4B2C9A74460020469D /* FirebaseAuth */ = {
			isa = XCSwiftPackageProductDependency;
			package = C161FE482C9A74460020469D /* XCRemoteSwiftPackageReference "firebase-ios-sdk" */;
			productName = FirebaseAuth;
		};
		C161FE4D2C9A74460020469D /* FirebaseFirestore */ = {
			isa = XCSwiftPackageProductDependency;
			package = C161FE482C9A74460020469D /* XCRemoteSwiftPackageReference "firebase-ios-sdk" */;
			productName = FirebaseFirestore;
		};
/* End XCSwiftPackageProductDependency section */
	};
	rootObject = C161FE112C9A64D20020469D /* Project object */;
}
